// !$*UTF8*$!
{
	archiveVersion = 1;
	classes = {
	};
	objectVersion = 56;
	objects = {

/* Begin PBXBuildFile section */
		3BBAEA6C2D303F3200EF8C24 /* DentaLogApp.swift in Sources */ = {isa = PBXBuildFile; fileRef = 3BBAEA6B2D303F3200EF8C24 /* DentaLogApp.swift */; };
		3BBAEA702D303F3400EF8C24 /* Assets.xcassets in Resources */ = {isa = PBXBuildFile; fileRef = 3BBAEA6F2D303F3400EF8C24 /* Assets.xcassets */; };
		3BBAEA732D303F3400EF8C24 /* Preview Assets.xcassets in Resources */ = {isa = PBXBuildFile; fileRef = 3BBAEA722D303F3400EF8C24 /* Preview Assets.xcassets */; };
		3BBAEA7A2D30459500EF8C24 /* HomeScreen.swift in Sources */ = {isa = PBXBuildFile; fileRef = 3BBAEA792D30459500EF8C24 /* HomeScreen.swift */; };
		3BBAEA7C2D30524100EF8C24 /* AppointmentCardView.swift in Sources */ = {isa = PBXBuildFile; fileRef = 3BBAEA7B2D30524000EF8C24 /* AppointmentCardView.swift */; };
		3BBAEA7E2D3055D600EF8C24 /* DailyInfoView.swift in Sources */ = {isa = PBXBuildFile; fileRef = 3BBAEA7D2D3055D600EF8C24 /* DailyInfoView.swift */; };
		3BBAEA802D30572600EF8C24 /* HomeViewModel.swift in Sources */ = {isa = PBXBuildFile; fileRef = 3BBAEA7F2D30572600EF8C24 /* HomeViewModel.swift */; };
		3BBAEA822D305A0A00EF8C24 /* AppointmentStat.swift in Sources */ = {isa = PBXBuildFile; fileRef = 3BBAEA812D305A0A00EF8C24 /* AppointmentStat.swift */; };
		3BBAEA842D305A1F00EF8C24 /* Gender.swift in Sources */ = {isa = PBXBuildFile; fileRef = 3BBAEA832D305A1F00EF8C24 /* Gender.swift */; };
		3BBAEA862D305A3300EF8C24 /* Appointment.swift in Sources */ = {isa = PBXBuildFile; fileRef = 3BBAEA852D305A3300EF8C24 /* Appointment.swift */; };
		3BBAEA882D305A4400EF8C24 /* Patient.swift in Sources */ = {isa = PBXBuildFile; fileRef = 3BBAEA872D305A4400EF8C24 /* Patient.swift */; };
		3BBAEA8A2D305ACD00EF8C24 /* Treatment.swift in Sources */ = {isa = PBXBuildFile; fileRef = 3BBAEA892D305ACD00EF8C24 /* Treatment.swift */; };
/* End PBXBuildFile section */

/* Begin PBXFileReference section */
		3BBAEA682D303F3200EF8C24 /* DentaLog.app */ = {isa = PBXFileReference; explicitFileType = wrapper.application; includeInIndex = 0; path = DentaLog.app; sourceTree = BUILT_PRODUCTS_DIR; };
		3BBAEA6B2D303F3200EF8C24 /* DentaLogApp.swift */ = {isa = PBXFileReference; lastKnownFileType = sourcecode.swift; path = DentaLogApp.swift; sourceTree = "<group>"; };
		3BBAEA6F2D303F3400EF8C24 /* Assets.xcassets */ = {isa = PBXFileReference; lastKnownFileType = folder.assetcatalog; path = Assets.xcassets; sourceTree = "<group>"; };
		3BBAEA722D303F3400EF8C24 /* Preview Assets.xcassets */ = {isa = PBXFileReference; lastKnownFileType = folder.assetcatalog; path = "Preview Assets.xcassets"; sourceTree = "<group>"; };
		3BBAEA792D30459500EF8C24 /* HomeScreen.swift */ = {isa = PBXFileReference; lastKnownFileType = sourcecode.swift; path = HomeScreen.swift; sourceTree = "<group>"; };
		3BBAEA7B2D30524000EF8C24 /* AppointmentCardView.swift */ = {isa = PBXFileReference; lastKnownFileType = sourcecode.swift; path = AppointmentCardView.swift; sourceTree = "<group>"; };
		3BBAEA7D2D3055D600EF8C24 /* DailyInfoView.swift */ = {isa = PBXFileReference; lastKnownFileType = sourcecode.swift; path = DailyInfoView.swift; sourceTree = "<group>"; };
		3BBAEA7F2D30572600EF8C24 /* HomeViewModel.swift */ = {isa = PBXFileReference; lastKnownFileType = sourcecode.swift; path = HomeViewModel.swift; sourceTree = "<group>"; };
		3BBAEA812D305A0A00EF8C24 /* AppointmentStat.swift */ = {isa = PBXFileReference; lastKnownFileType = sourcecode.swift; path = AppointmentStat.swift; sourceTree = "<group>"; };
		3BBAEA832D305A1F00EF8C24 /* Gender.swift */ = {isa = PBXFileReference; lastKnownFileType = sourcecode.swift; path = Gender.swift; sourceTree = "<group>"; };
		3BBAEA852D305A3300EF8C24 /* Appointment.swift */ = {isa = PBXFileReference; lastKnownFileType = sourcecode.swift; path = Appointment.swift; sourceTree = "<group>"; };
		3BBAEA872D305A4400EF8C24 /* Patient.swift */ = {isa = PBXFileReference; lastKnownFileType = sourcecode.swift; path = Patient.swift; sourceTree = "<group>"; };
		3BBAEA892D305ACD00EF8C24 /* Treatment.swift */ = {isa = PBXFileReference; lastKnownFileType = sourcecode.swift; path = Treatment.swift; sourceTree = "<group>"; };
/* End PBXFileReference section */

/* Begin PBXFrameworksBuildPhase section */
		3BBAEA652D303F3200EF8C24 /* Frameworks */ = {
			isa = PBXFrameworksBuildPhase;
			buildActionMask = 2147483647;
			files = (
			);
			runOnlyForDeploymentPostprocessing = 0;
		};
/* End PBXFrameworksBuildPhase section */

/* Begin PBXGroup section */
		3BBAEA5F2D303F3200EF8C24 = {
			isa = PBXGroup;
			children = (
				3BBAEA6A2D303F3200EF8C24 /* DentaLog */,
				3BBAEA692D303F3200EF8C24 /* Products */,
			);
			sourceTree = "<group>";
		};
		3BBAEA692D303F3200EF8C24 /* Products */ = {
			isa = PBXGroup;
			children = (
				3BBAEA682D303F3200EF8C24 /* DentaLog.app */,
			);
			name = Products;
			sourceTree = "<group>";
		};
		3BBAEA6A2D303F3200EF8C24 /* DentaLog */ = {
			isa = PBXGroup;
			children = (
				3BBAEA6B2D303F3200EF8C24 /* DentaLogApp.swift */,
				3BBAEA7F2D30572600EF8C24 /* HomeViewModel.swift */,
				3BBAEA852D305A3300EF8C24 /* Appointment.swift */,
				3BBAEA892D305ACD00EF8C24 /* Treatment.swift */,
				3BBAEA872D305A4400EF8C24 /* Patient.swift */,
				3BBAEA812D305A0A00EF8C24 /* AppointmentStat.swift */,
				3BBAEA832D305A1F00EF8C24 /* Gender.swift */,
				3BBAEA792D30459500EF8C24 /* HomeScreen.swift */,
				3BBAEA7D2D3055D600EF8C24 /* DailyInfoView.swift */,
				3BBAEA7B2D30524000EF8C24 /* AppointmentCardView.swift */,
				3BBAEA6F2D303F3400EF8C24 /* Assets.xcassets */,
				3BBAEA712D303F3400EF8C24 /* Preview Content */,
			);
			path = DentaLog;
			sourceTree = "<group>";
		};
		3BBAEA712D303F3400EF8C24 /* Preview Content */ = {
			isa = PBXGroup;
			children = (
				3BBAEA722D303F3400EF8C24 /* Preview Assets.xcassets */,
			);
			path = "Preview Content";
			sourceTree = "<group>";
		};
/* End PBXGroup section */

/* Begin PBXNativeTarget section */
		3BBAEA672D303F3200EF8C24 /* DentaLog */ = {
			isa = PBXNativeTarget;
			buildConfigurationList = 3BBAEA762D303F3400EF8C24 /* Build configuration list for PBXNativeTarget "DentaLog" */;
			buildPhases = (
				3BBAEA642D303F3200EF8C24 /* Sources */,
				3BBAEA652D303F3200EF8C24 /* Frameworks */,
				3BBAEA662D303F3200EF8C24 /* Resources */,
			);
			buildRules = (
			);
			dependencies = (
			);
			name = DentaLog;
			productName = DentaLog;
			productReference = 3BBAEA682D303F3200EF8C24 /* DentaLog.app */;
			productType = "com.apple.product-type.application";
		};
/* End PBXNativeTarget section */

/* Begin PBXProject section */
		3BBAEA602D303F3200EF8C24 /* Project object */ = {
			isa = PBXProject;
			attributes = {
				BuildIndependentTargetsInParallel = 1;
				LastSwiftUpdateCheck = 1530;
				LastUpgradeCheck = 1530;
				TargetAttributes = {
					3BBAEA672D303F3200EF8C24 = {
						CreatedOnToolsVersion = 15.3;
					};
				};
			};
			buildConfigurationList = 3BBAEA632D303F3200EF8C24 /* Build configuration list for PBXProject "DentaLog" */;
			compatibilityVersion = "Xcode 14.0";
			developmentRegion = en;
			hasScannedForEncodings = 0;
			knownRegions = (
				en,
				Base,
			);
			mainGroup = 3BBAEA5F2D303F3200EF8C24;
			productRefGroup = 3BBAEA692D303F3200EF8C24 /* Products */;
			projectDirPath = "";
			projectRoot = "";
			targets = (
				3BBAEA672D303F3200EF8C24 /* DentaLog */,
			);
		};
/* End PBXProject section */

/* Begin PBXResourcesBuildPhase section */
		3BBAEA662D303F3200EF8C24 /* Resources */ = {
			isa = PBXResourcesBuildPhase;
			buildActionMask = 2147483647;
			files = (
				3BBAEA732D303F3400EF8C24 /* Preview Assets.xcassets in Resources */,
				3BBAEA702D303F3400EF8C24 /* Assets.xcassets in Resources */,
			);
			runOnlyForDeploymentPostprocessing = 0;
		};
/* End PBXResourcesBuildPhase section */

/* Begin PBXSourcesBuildPhase section */
		3BBAEA642D303F3200EF8C24 /* Sources */ = {
			isa = PBXSourcesBuildPhase;
			buildActionMask = 2147483647;
			files = (
				3BBAEA7E2D3055D600EF8C24 /* DailyInfoView.swift in Sources */,
				3BBAEA6C2D303F3200EF8C24 /* DentaLogApp.swift in Sources */,
				3BBAEA882D305A4400EF8C24 /* Patient.swift in Sources */,
				3BBAEA7A2D30459500EF8C24 /* HomeScreen.swift in Sources */,
				3BBAEA862D305A3300EF8C24 /* Appointment.swift in Sources */,
				3BBAEA802D30572600EF8C24 /* HomeViewModel.swift in Sources */,
				3BBAEA7C2D30524100EF8C24 /* AppointmentCardView.swift in Sources */,
				3BBAEA822D305A0A00EF8C24 /* AppointmentStat.swift in Sources */,
				3BBAEA8A2D305ACD00EF8C24 /* Treatment.swift in Sources */,
				3BBAEA842D305A1F00EF8C24 /* Gender.swift in Sources */,
			);
			runOnlyForDeploymentPostprocessing = 0;
		};
/* End PBXSourcesBuildPhase section */

/* Begin XCBuildConfiguration section */
		3BBAEA742D303F3400EF8C24 /* Debug */ = {
			isa = XCBuildConfiguration;
			buildSettings = {
				ALWAYS_SEARCH_USER_PATHS = NO;
				ASSETCATALOG_COMPILER_GENERATE_SWIFT_ASSET_SYMBOL_EXTENSIONS = YES;
				CLANG_ANALYZER_NONNULL = YES;
				CLANG_ANALYZER_NUMBER_OBJECT_CONVERSION = YES_AGGRESSIVE;
				CLANG_CXX_LANGUAGE_STANDARD = "gnu++20";
				CLANG_ENABLE_MODULES = YES;
				CLANG_ENABLE_OBJC_ARC = YES;
				CLANG_ENABLE_OBJC_WEAK = YES;
				CLANG_WARN_BLOCK_CAPTURE_AUTORELEASING = YES;
				CLANG_WARN_BOOL_CONVERSION = YES;
				CLANG_WARN_COMMA = YES;
				CLANG_WARN_CONSTANT_CONVERSION = YES;
				CLANG_WARN_DEPRECATED_OBJC_IMPLEMENTATIONS = YES;
				CLANG_WARN_DIRECT_OBJC_ISA_USAGE = YES_ERROR;
				CLANG_WARN_DOCUMENTATION_COMMENTS = YES;
				CLANG_WARN_EMPTY_BODY = YES;
				CLANG_WARN_ENUM_CONVERSION = YES;
				CLANG_WARN_INFINITE_RECURSION = YES;
				CLANG_WARN_INT_CONVERSION = YES;
				CLANG_WARN_NON_LITERAL_NULL_CONVERSION = YES;
				CLANG_WARN_OBJC_IMPLICIT_RETAIN_SELF = YES;
				CLANG_WARN_OBJC_LITERAL_CONVERSION = YES;
				CLANG_WARN_OBJC_ROOT_CLASS = YES_ERROR;
				CLANG_WARN_QUOTED_INCLUDE_IN_FRAMEWORK_HEADER = YES;
				CLANG_WARN_RANGE_LOOP_ANALYSIS = YES;
				CLANG_WARN_STRICT_PROTOTYPES = YES;
				CLANG_WARN_SUSPICIOUS_MOVE = YES;
				CLANG_WARN_UNGUARDED_AVAILABILITY = YES_AGGRESSIVE;
				CLANG_WARN_UNREACHABLE_CODE = YES;
				CLANG_WARN__DUPLICATE_METHOD_MATCH = YES;
				COPY_PHASE_STRIP = NO;
				DEBUG_INFORMATION_FORMAT = dwarf;
				ENABLE_STRICT_OBJC_MSGSEND = YES;
				ENABLE_TESTABILITY = YES;
				ENABLE_USER_SCRIPT_SANDBOXING = YES;
				GCC_C_LANGUAGE_STANDARD = gnu17;
				GCC_DYNAMIC_NO_PIC = NO;
				GCC_NO_COMMON_BLOCKS = YES;
				GCC_OPTIMIZATION_LEVEL = 0;
				GCC_PREPROCESSOR_DEFINITIONS = (
					"DEBUG=1",
					"$(inherited)",
				);
				GCC_WARN_64_TO_32_BIT_CONVERSION = YES;
				GCC_WARN_ABOUT_RETURN_TYPE = YES_ERROR;
				GCC_WARN_UNDECLARED_SELECTOR = YES;
				GCC_WARN_UNINITIALIZED_AUTOS = YES_AGGRESSIVE;
				GCC_WARN_UNUSED_FUNCTION = YES;
				GCC_WARN_UNUSED_VARIABLE = YES;
				IPHONEOS_DEPLOYMENT_TARGET = 17.4;
				LOCALIZATION_PREFERS_STRING_CATALOGS = YES;
				MTL_ENABLE_DEBUG_INFO = INCLUDE_SOURCE;
				MTL_FAST_MATH = YES;
				ONLY_ACTIVE_ARCH = YES;
				SDKROOT = iphoneos;
				SWIFT_ACTIVE_COMPILATION_CONDITIONS = "DEBUG $(inherited)";
				SWIFT_OPTIMIZATION_LEVEL = "-Onone";
			};
			name = Debug;
		};
		3BBAEA752D303F3400EF8C24 /* Release */ = {
			isa = XCBuildConfiguration;
			buildSettings = {
				ALWAYS_SEARCH_USER_PATHS = NO;
				ASSETCATALOG_COMPILER_GENERATE_SWIFT_ASSET_SYMBOL_EXTENSIONS = YES;
				CLANG_ANALYZER_NONNULL = YES;
				CLANG_ANALYZER_NUMBER_OBJECT_CONVERSION = YES_AGGRESSIVE;
				CLANG_CXX_LANGUAGE_STANDARD = "gnu++20";
				CLANG_ENABLE_MODULES = YES;
				CLANG_ENABLE_OBJC_ARC = YES;
				CLANG_ENABLE_OBJC_WEAK = YES;
				CLANG_WARN_BLOCK_CAPTURE_AUTORELEASING = YES;
				CLANG_WARN_BOOL_CONVERSION = YES;
				CLANG_WARN_COMMA = YES;
				CLANG_WARN_CONSTANT_CONVERSION = YES;
				CLANG_WARN_DEPRECATED_OBJC_IMPLEMENTATIONS = YES;
				CLANG_WARN_DIRECT_OBJC_ISA_USAGE = YES_ERROR;
				CLANG_WARN_DOCUMENTATION_COMMENTS = YES;
				CLANG_WARN_EMPTY_BODY = YES;
				CLANG_WARN_ENUM_CONVERSION = YES;
				CLANG_WARN_INFINITE_RECURSION = YES;
				CLANG_WARN_INT_CONVERSION = YES;
				CLANG_WARN_NON_LITERAL_NULL_CONVERSION = YES;
				CLANG_WARN_OBJC_IMPLICIT_RETAIN_SELF = YES;
				CLANG_WARN_OBJC_LITERAL_CONVERSION = YES;
				CLANG_WARN_OBJC_ROOT_CLASS = YES_ERROR;
				CLANG_WARN_QUOTED_INCLUDE_IN_FRAMEWORK_HEADER = YES;
				CLANG_WARN_RANGE_LOOP_ANALYSIS = YES;
				CLANG_WARN_STRICT_PROTOTYPES = YES;
				CLANG_WARN_SUSPICIOUS_MOVE = YES;
				CLANG_WARN_UNGUARDED_AVAILABILITY = YES_AGGRESSIVE;
				CLANG_WARN_UNREACHABLE_CODE = YES;
				CLANG_WARN__DUPLICATE_METHOD_MATCH = YES;
				COPY_PHASE_STRIP = NO;
				DEBUG_INFORMATION_FORMAT = "dwarf-with-dsym";
				ENABLE_NS_ASSERTIONS = NO;
				ENABLE_STRICT_OBJC_MSGSEND = YES;
				ENABLE_USER_SCRIPT_SANDBOXING = YES;
				GCC_C_LANGUAGE_STANDARD = gnu17;
				GCC_NO_COMMON_BLOCKS = YES;
				GCC_WARN_64_TO_32_BIT_CONVERSION = YES;
				GCC_WARN_ABOUT_RETURN_TYPE = YES_ERROR;
				GCC_WARN_UNDECLARED_SELECTOR = YES;
				GCC_WARN_UNINITIALIZED_AUTOS = YES_AGGRESSIVE;
				GCC_WARN_UNUSED_FUNCTION = YES;
				GCC_WARN_UNUSED_VARIABLE = YES;
				IPHONEOS_DEPLOYMENT_TARGET = 17.4;
				LOCALIZATION_PREFERS_STRING_CATALOGS = YES;
				MTL_ENABLE_DEBUG_INFO = NO;
				MTL_FAST_MATH = YES;
				SDKROOT = iphoneos;
				SWIFT_COMPILATION_MODE = wholemodule;
				VALIDATE_PRODUCT = YES;
			};
			name = Release;
		};
		3BBAEA772D303F3400EF8C24 /* Debug */ = {
			isa = XCBuildConfiguration;
			buildSettings = {
				ASSETCATALOG_COMPILER_APPICON_NAME = AppIcon;
				ASSETCATALOG_COMPILER_GLOBAL_ACCENT_COLOR_NAME = AccentColor;
				CODE_SIGN_STYLE = Automatic;
				CURRENT_PROJECT_VERSION = 1;
				DEVELOPMENT_ASSET_PATHS = "\"DentaLog/Preview Content\"";
				DEVELOPMENT_TEAM = 6J9XRFD286;
				ENABLE_PREVIEWS = YES;
				GENERATE_INFOPLIST_FILE = YES;
				INFOPLIST_KEY_UIApplicationSceneManifest_Generation = YES;
				INFOPLIST_KEY_UIApplicationSupportsIndirectInputEvents = YES;
				INFOPLIST_KEY_UILaunchScreen_Generation = YES;
				INFOPLIST_KEY_UISupportedInterfaceOrientations_iPad = "UIInterfaceOrientationPortrait UIInterfaceOrientationPortraitUpsideDown UIInterfaceOrientationLandscapeLeft UIInterfaceOrientationLandscapeRight";
				INFOPLIST_KEY_UISupportedInterfaceOrientations_iPhone = "UIInterfaceOrientationPortrait UIInterfaceOrientationLandscapeLeft UIInterfaceOrientationLandscapeRight";
				LD_RUNPATH_SEARCH_PATHS = (
					"$(inherited)",
					"@executable_path/Frameworks",
				);
				MARKETING_VERSION = 1.0;
				PRODUCT_BUNDLE_IDENTIFIER = com.AbdullohBahromjonov.DentaLog;
				PRODUCT_NAME = "$(TARGET_NAME)";
				SWIFT_EMIT_LOC_STRINGS = YES;
				SWIFT_VERSION = 5.0;
				TARGETED_DEVICE_FAMILY = "1,2";
			};
			name = Debug;
		};
		3BBAEA782D303F3400EF8C24 /* Release */ = {
			isa = XCBuildConfiguration;
			buildSettings = {
				ASSETCATALOG_COMPILER_APPICON_NAME = AppIcon;
				ASSETCATALOG_COMPILER_GLOBAL_ACCENT_COLOR_NAME = AccentColor;
				CODE_SIGN_STYLE = Automatic;
				CURRENT_PROJECT_VERSION = 1;
				DEVELOPMENT_ASSET_PATHS = "\"DentaLog/Preview Content\"";
				DEVELOPMENT_TEAM = 6J9XRFD286;
				ENABLE_PREVIEWS = YES;
				GENERATE_INFOPLIST_FILE = YES;
				INFOPLIST_KEY_UIApplicationSceneManifest_Generation = YES;
				INFOPLIST_KEY_UIApplicationSupportsIndirectInputEvents = YES;
				INFOPLIST_KEY_UILaunchScreen_Generation = YES;
				INFOPLIST_KEY_UISupportedInterfaceOrientations_iPad = "UIInterfaceOrientationPortrait UIInterfaceOrientationPortraitUpsideDown UIInterfaceOrientationLandscapeLeft UIInterfaceOrientationLandscapeRight";
				INFOPLIST_KEY_UISupportedInterfaceOrientations_iPhone = "UIInterfaceOrientationPortrait UIInterfaceOrientationLandscapeLeft UIInterfaceOrientationLandscapeRight";
				LD_RUNPATH_SEARCH_PATHS = (
					"$(inherited)",
					"@executable_path/Frameworks",
				);
				MARKETING_VERSION = 1.0;
				PRODUCT_BUNDLE_IDENTIFIER = com.AbdullohBahromjonov.DentaLog;
				PRODUCT_NAME = "$(TARGET_NAME)";
				SWIFT_EMIT_LOC_STRINGS = YES;
				SWIFT_VERSION = 5.0;
				TARGETED_DEVICE_FAMILY = "1,2";
			};
			name = Release;
		};
/* End XCBuildConfiguration section */

/* Begin XCConfigurationList section */
		3BBAEA632D303F3200EF8C24 /* Build configuration list for PBXProject "DentaLog" */ = {
			isa = XCConfigurationList;
			buildConfigurations = (
				3BBAEA742D303F3400EF8C24 /* Debug */,
				3BBAEA752D303F3400EF8C24 /* Release */,
			);
			defaultConfigurationIsVisible = 0;
			defaultConfigurationName = Release;
		};
		3BBAEA762D303F3400EF8C24 /* Build configuration list for PBXNativeTarget "DentaLog" */ = {
			isa = XCConfigurationList;
			buildConfigurations = (
				3BBAEA772D303F3400EF8C24 /* Debug */,
				3BBAEA782D303F3400EF8C24 /* Release */,
			);
			defaultConfigurationIsVisible = 0;
			defaultConfigurationName = Release;
		};
/* End XCConfigurationList section */
	};
	rootObject = 3BBAEA602D303F3200EF8C24 /* Project object */;
}
